
Microsoft Visual Studio Solution File, Format Version 11.0
# Visual Studio 2010
Project("{FAE04EC0-301F-11D3-BF4B-00C04F79EFBC}") = "UnityVS.Semester5.CSharp", "UnityVS.Semester5.CSharp.csproj", "{B26F7B8E-3D2B-FCA3-6470-069A522874B9}"
EndProject
Project("{FAE04EC0-301F-11D3-BF4B-00C04F79EFBC}") = "UnityVS.Semester5.CSharp.Editor", "UnityVS.Semester5.CSharp.Editor.csproj", "{630C86E3-CEBA-17B4-D57C-CEA405DA709A}"
EndProject
Project("{FAE04EC0-301F-11D3-BF4B-00C04F79EFBC}") = "UnityVS.Semester5.CSharp.Plugins", "UnityVS.Semester5.CSharp.Plugins.csproj", "{27C2C33C-0908-D34D-4555-3B00312BCDC1}"
EndProject
Global
	GlobalSection(SolutionConfigurationPlatforms) = preSolution
		Debug|Any CPU = Debug|Any CPU
		Release|Any CPU = Release|Any CPU
	EndGlobalSection
	GlobalSection(ProjectConfigurationPlatforms) = postSolution
		{B26F7B8E-3D2B-FCA3-6470-069A522874B9}.Debug|Any CPU.ActiveCfg = Debug|Any CPU
		{B26F7B8E-3D2B-FCA3-6470-069A522874B9}.Debug|Any CPU.Build.0 = Debug|Any CPU
		{B26F7B8E-3D2B-FCA3-6470-069A522874B9}.Release|Any CPU.ActiveCfg = Release|Any CPU
		{B26F7B8E-3D2B-FCA3-6470-069A522874B9}.Release|Any CPU.Build.0 = Release|Any CPU
		{630C86E3-CEBA-17B4-D57C-CEA405DA709A}.Debug|Any CPU.ActiveCfg = Debug|Any CPU
		{630C86E3-CEBA-17B4-D57C-CEA405DA709A}.Debug|Any CPU.Build.0 = Debug|Any CPU
		{630C86E3-CEBA-17B4-D57C-CEA405DA709A}.Release|Any CPU.ActiveCfg = Release|Any CPU
		{630C86E3-CEBA-17B4-D57C-CEA405DA709A}.Release|Any CPU.Build.0 = Release|Any CPU
		{27C2C33C-0908-D34D-4555-3B00312BCDC1}.Debug|Any CPU.ActiveCfg = Debug|Any CPU
		{27C2C33C-0908-D34D-4555-3B00312BCDC1}.Debug|Any CPU.Build.0 = Debug|Any CPU
		{27C2C33C-0908-D34D-4555-3B00312BCDC1}.Release|Any CPU.ActiveCfg = Release|Any CPU
		{27C2C33C-0908-D34D-4555-3B00312BCDC1}.Release|Any CPU.Build.0 = Release|Any CPU
	EndGlobalSection
	GlobalSection(SolutionProperties) = preSolution
		HideSolutionNode = FALSE
	EndGlobalSection
EndGlobal
